{
  "name": "@seanwong24/s-tooltip",
  "version": "1.0.2",
  "lockfileVersion": 1,
  "requires": true,
  "dependencies": {
    "@stencil/core": {
      "version": "2.1.1",
      "resolved": "https://registry.npmjs.org/@stencil/core/-/core-2.1.1.tgz",
      "integrity": "sha512-jcO/sv9wDSe/RSgySHDUUhYNtxPGWpWJy6ucLx/Z6nBau6239mtcXXdxS/KJwSCvHjjEubhz3Rj389eh+IEcZw=="
    }
  }
}
